
Microsoft Visual Studio Solution File, Format Version 12.00
# Visual Studio Version 17
VisualStudioVersion = 17.0.31903.59
MinimumVisualStudioVersion = 10.0.40219.1
Project("{FAE04EC0-301F-11D3-BF4B-00C04F79EFBC}") = "refLinkApi", "refLinkApi\refLinkApi.csproj", "{B85237F0-9DC6-479F-AC0A-77C0769BA451}"
EndProject
Project("{FAE04EC0-301F-11D3-BF4B-00C04F79EFBC}") = "refLinkApi.Tests", "refLinkApi.Tests\refLinkApi.Tests.csproj", "{EBC640D3-4DB6-4EAB-BA1D-C7BF9CB9FC09}"
EndProject
Global
	GlobalSection(SolutionConfigurationPlatforms) = preSolution
		Debug|Any CPU = Debug|Any CPU
		Release|Any CPU = Release|Any CPU
	EndGlobalSection
	GlobalSection(SolutionProperties) = preSolution
		HideSolutionNode = FALSE
	EndGlobalSection
	GlobalSection(ProjectConfigurationPlatforms) = postSolution
		{B85237F0-9DC6-479F-AC0A-77C0769BA451}.Debug|Any CPU.ActiveCfg = Debug|Any CPU
		{B85237F0-9DC6-479F-AC0A-77C0769BA451}.Debug|Any CPU.Build.0 = Debug|Any CPU
		{B85237F0-9DC6-479F-AC0A-77C0769BA451}.Release|Any CPU.ActiveCfg = Release|Any CPU
		{B85237F0-9DC6-479F-AC0A-77C0769BA451}.Release|Any CPU.Build.0 = Release|Any CPU
		{EBC640D3-4DB6-4EAB-BA1D-C7BF9CB9FC09}.Debug|Any CPU.ActiveCfg = Debug|Any CPU
		{EBC640D3-4DB6-4EAB-BA1D-C7BF9CB9FC09}.Debug|Any CPU.Build.0 = Debug|Any CPU
		{EBC640D3-4DB6-4EAB-BA1D-C7BF9CB9FC09}.Release|Any CPU.ActiveCfg = Release|Any CPU
		{EBC640D3-4DB6-4EAB-BA1D-C7BF9CB9FC09}.Release|Any CPU.Build.0 = Release|Any CPU
	EndGlobalSection
EndGlobal
